// !$*UTF8*$!
{
	archiveVersion = 1;
	classes = {
	};
	objectVersion = 46;
	objects = {

/* Begin PBXBuildFile section */
		22316D0E1CA2327B00E4D798 /* main.m in Sources */ = {isa = PBXBuildFile; fileRef = 22316D0D1CA2327B00E4D798 /* main.m */; };
		22316D111CA2327B00E4D798 /* AppDelegate.m in Sources */ = {isa = PBXBuildFile; fileRef = 22316D101CA2327B00E4D798 /* AppDelegate.m */; };
		22316D141CA2327B00E4D798 /* ViewController.m in Sources */ = {isa = PBXBuildFile; fileRef = 22316D131CA2327B00E4D798 /* ViewController.m */; };
		22316D171CA2327B00E4D798 /* Main.storyboard in Resources */ = {isa = PBXBuildFile; fileRef = 22316D151CA2327B00E4D798 /* Main.storyboard */; };
		22316D1A1CA2327B00E4D798 /* ___test.xcdatamodeld in Sources */ = {isa = PBXBuildFile; fileRef = 22316D181CA2327B00E4D798 /* ___test.xcdatamodeld */; };
		22316D1C1CA2327B00E4D798 /* Assets.xcassets in Resources */ = {isa = PBXBuildFile; fileRef = 22316D1B1CA2327B00E4D798 /* Assets.xcassets */; };
		22316D1F1CA2327B00E4D798 /* LaunchScreen.storyboard in Resources */ = {isa = PBXBuildFile; fileRef = 22316D1D1CA2327B00E4D798 /* LaunchScreen.storyboard */; };
		22316D2A1CA2327B00E4D798 /* ___testTests.m in Sources */ = {isa = PBXBuildFile; fileRef = 22316D291CA2327B00E4D798 /* ___testTests.m */; };
		22316D351CA2327B00E4D798 /* ___testUITests.m in Sources */ = {isa = PBXBuildFile; fileRef = 22316D341CA2327B00E4D798 /* ___testUITests.m */; };
/* End PBXBuildFile section */

/* Begin PBXContainerItemProxy section */
		22316D261CA2327B00E4D798 /* PBXContainerItemProxy */ = {
			isa = PBXContainerItemProxy;
			containerPortal = 22316D011CA2327B00E4D798 /* Project object */;
			proxyType = 1;
			remoteGlobalIDString = 22316D081CA2327B00E4D798;
			remoteInfo = "毛玻璃test";
		};
		22316D311CA2327B00E4D798 /* PBXContainerItemProxy */ = {
			isa = PBXContainerItemProxy;
			containerPortal = 22316D011CA2327B00E4D798 /* Project object */;
			proxyType = 1;
			remoteGlobalIDString = 22316D081CA2327B00E4D798;
			remoteInfo = "毛玻璃test";
		};
/* End PBXContainerItemProxy section */

/* Begin PBXFileReference section */
		22316D091CA2327B00E4D798 /* 毛玻璃test.app */ = {isa = PBXFileReference; explicitFileType = wrapper.application; includeInIndex = 0; path = "毛玻璃test.app"; sourceTree = BUILT_PRODUCTS_DIR; };
		22316D0D1CA2327B00E4D798 /* main.m */ = {isa = PBXFileReference; lastKnownFileType = sourcecode.c.objc; path = main.m; sourceTree = "<group>"; };
		22316D0F1CA2327B00E4D798 /* AppDelegate.h */ = {isa = PBXFileReference; lastKnownFileType = sourcecode.c.h; path = AppDelegate.h; sourceTree = "<group>"; };
		22316D101CA2327B00E4D798 /* AppDelegate.m */ = {isa = PBXFileReference; lastKnownFileType = sourcecode.c.objc; path = AppDelegate.m; sourceTree = "<group>"; };
		22316D121CA2327B00E4D798 /* ViewController.h */ = {isa = PBXFileReference; lastKnownFileType = sourcecode.c.h; path = ViewController.h; sourceTree = "<group>"; };
		22316D131CA2327B00E4D798 /* ViewController.m */ = {isa = PBXFileReference; lastKnownFileType = sourcecode.c.objc; path = ViewController.m; sourceTree = "<group>"; };
		22316D161CA2327B00E4D798 /* Base */ = {isa = PBXFileReference; lastKnownFileType = file.storyboard; name = Base; path = Base.lproj/Main.storyboard; sourceTree = "<group>"; };
		22316D191CA2327B00E4D798 /* ___test.xcdatamodel */ = {isa = PBXFileReference; lastKnownFileType = wrapper.xcdatamodel; path = "___test.xcdatamodel"; sourceTree = "<group>"; };
		22316D1B1CA2327B00E4D798 /* Assets.xcassets */ = {isa = PBXFileReference; lastKnownFileType = folder.assetcatalog; path = Assets.xcassets; sourceTree = "<group>"; };
		22316D1E1CA2327B00E4D798 /* Base */ = {isa = PBXFileReference; lastKnownFileType = file.storyboard; name = Base; path = Base.lproj/LaunchScreen.storyboard; sourceTree = "<group>"; };
		22316D201CA2327B00E4D798 /* Info.plist */ = {isa = PBXFileReference; lastKnownFileType = text.plist.xml; path = Info.plist; sourceTree = "<group>"; };
		22316D251CA2327B00E4D798 /* 毛玻璃testTests.xctest */ = {isa = PBXFileReference; explicitFileType = wrapper.cfbundle; includeInIndex = 0; path = "毛玻璃testTests.xctest"; sourceTree = BUILT_PRODUCTS_DIR; };
		22316D291CA2327B00E4D798 /* ___testTests.m */ = {isa = PBXFileReference; lastKnownFileType = sourcecode.c.objc; path = "___testTests.m"; sourceTree = "<group>"; };
		22316D2B1CA2327B00E4D798 /* Info.plist */ = {isa = PBXFileReference; lastKnownFileType = text.plist.xml; path = Info.plist; sourceTree = "<group>"; };
		22316D301CA2327B00E4D798 /* 毛玻璃testUITests.xctest */ = {isa = PBXFileReference; explicitFileType = wrapper.cfbundle; includeInIndex = 0; path = "毛玻璃testUITests.xctest"; sourceTree = BUILT_PRODUCTS_DIR; };
		22316D341CA2327B00E4D798 /* ___testUITests.m */ = {isa = PBXFileReference; lastKnownFileType = sourcecode.c.objc; path = "___testUITests.m"; sourceTree = "<group>"; };
		22316D361CA2327B00E4D798 /* Info.plist */ = {isa = PBXFileReference; lastKnownFileType = text.plist.xml; path = Info.plist; sourceTree = "<group>"; };
/* End PBXFileReference section */

/* Begin PBXFrameworksBuildPhase section */
		22316D061CA2327B00E4D798 /* Frameworks */ = {
			isa = PBXFrameworksBuildPhase;
			buildActionMask = 2147483647;
			files = (
			);
			runOnlyForDeploymentPostprocessing = 0;
		};
		22316D221CA2327B00E4D798 /* Frameworks */ = {
			isa = PBXFrameworksBuildPhase;
			buildActionMask = 2147483647;
			files = (
			);
			runOnlyForDeploymentPostprocessing = 0;
		};
		22316D2D1CA2327B00E4D798 /* Frameworks */ = {
			isa = PBXFrameworksBuildPhase;
			buildActionMask = 2147483647;
			files = (
			);
			runOnlyForDeploymentPostprocessing = 0;
		};
/* End PBXFrameworksBuildPhase section */

/* Begin PBXGroup section */
		22316D001CA2327B00E4D798 = {
			isa = PBXGroup;
			children = (
				22316D0B1CA2327B00E4D798 /* 毛玻璃test */,
				22316D281CA2327B00E4D798 /* 毛玻璃testTests */,
				22316D331CA2327B00E4D798 /* 毛玻璃testUITests */,
				22316D0A1CA2327B00E4D798 /* Products */,
			);
			sourceTree = "<group>";
		};
		22316D0A1CA2327B00E4D798 /* Products */ = {
			isa = PBXGroup;
			children = (
				22316D091CA2327B00E4D798 /* 毛玻璃test.app */,
				22316D251CA2327B00E4D798 /* 毛玻璃testTests.xctest */,
				22316D301CA2327B00E4D798 /* 毛玻璃testUITests.xctest */,
			);
			name = Products;
			sourceTree = "<group>";
		};
		22316D0B1CA2327B00E4D798 /* 毛玻璃test */ = {
			isa = PBXGroup;
			children = (
				22316D0F1CA2327B00E4D798 /* AppDelegate.h */,
				22316D101CA2327B00E4D798 /* AppDelegate.m */,
				22316D121CA2327B00E4D798 /* ViewController.h */,
				22316D131CA2327B00E4D798 /* ViewController.m */,
				22316D151CA2327B00E4D798 /* Main.storyboard */,
				22316D1B1CA2327B00E4D798 /* Assets.xcassets */,
				22316D1D1CA2327B00E4D798 /* LaunchScreen.storyboard */,
				22316D201CA2327B00E4D798 /* Info.plist */,
				22316D181CA2327B00E4D798 /* ___test.xcdatamodeld */,
				22316D0C1CA2327B00E4D798 /* Supporting Files */,
			);
			path = "毛玻璃test";
			sourceTree = "<group>";
		};
		22316D0C1CA2327B00E4D798 /* Supporting Files */ = {
			isa = PBXGroup;
			children = (
				22316D0D1CA2327B00E4D798 /* main.m */,
			);
			name = "Supporting Files";
			sourceTree = "<group>";
		};
		22316D281CA2327B00E4D798 /* 毛玻璃testTests */ = {
			isa = PBXGroup;
			children = (
				22316D291CA2327B00E4D798 /* ___testTests.m */,
				22316D2B1CA2327B00E4D798 /* Info.plist */,
			);
			path = "毛玻璃testTests";
			sourceTree = "<group>";
		};
		22316D331CA2327B00E4D798 /* 毛玻璃testUITests */ = {
			isa = PBXGroup;
			children = (
				22316D341CA2327B00E4D798 /* ___testUITests.m */,
				22316D361CA2327B00E4D798 /* Info.plist */,
			);
			path = "毛玻璃testUITests";
			sourceTree = "<group>";
		};
/* End PBXGroup section */

/* Begin PBXNativeTarget section */
		22316D081CA2327B00E4D798 /* 毛玻璃test */ = {
			isa = PBXNativeTarget;
			buildConfigurationList = 22316D391CA2327C00E4D798 /* Build configuration list for PBXNativeTarget "毛玻璃test" */;
			buildPhases = (
				22316D051CA2327B00E4D798 /* Sources */,
				22316D061CA2327B00E4D798 /* Frameworks */,
				22316D071CA2327B00E4D798 /* Resources */,
			);
			buildRules = (
			);
			dependencies = (
			);
			name = "毛玻璃test";
			productName = "毛玻璃test";
			productReference = 22316D091CA2327B00E4D798 /* 毛玻璃test.app */;
			productType = "com.apple.product-type.application";
		};
		22316D241CA2327B00E4D798 /* 毛玻璃testTests */ = {
			isa = PBXNativeTarget;
			buildConfigurationList = 22316D3C1CA2327C00E4D798 /* Build configuration list for PBXNativeTarget "毛玻璃testTests" */;
			buildPhases = (
				22316D211CA2327B00E4D798 /* Sources */,
				22316D221CA2327B00E4D798 /* Frameworks */,
				22316D231CA2327B00E4D798 /* Resources */,
			);
			buildRules = (
			);
			dependencies = (
				22316D271CA2327B00E4D798 /* PBXTargetDependency */,
			);
			name = "毛玻璃testTests";
			productName = "毛玻璃testTests";
			productReference = 22316D251CA2327B00E4D798 /* 毛玻璃testTests.xctest */;
			productType = "com.apple.product-type.bundle.unit-test";
		};
		22316D2F1CA2327B00E4D798 /* 毛玻璃testUITests */ = {
			isa = PBXNativeTarget;
			buildConfigurationList = 22316D3F1CA2327C00E4D798 /* Build configuration list for PBXNativeTarget "毛玻璃testUITests" */;
			buildPhases = (
				22316D2C1CA2327B00E4D798 /* Sources */,
				22316D2D1CA2327B00E4D798 /* Frameworks */,
				22316D2E1CA2327B00E4D798 /* Resources */,
			);
			buildRules = (
			);
			dependencies = (
				22316D321CA2327B00E4D798 /* PBXTargetDependency */,
			);
			name = "毛玻璃testUITests";
			productName = "毛玻璃testUITests";
			productReference = 22316D301CA2327B00E4D798 /* 毛玻璃testUITests.xctest */;
			productType = "com.apple.product-type.bundle.ui-testing";
		};
/* End PBXNativeTarget section */

/* Begin PBXProject section */
		22316D011CA2327B00E4D798 /* Project object */ = {
			isa = PBXProject;
			attributes = {
				LastUpgradeCheck = 0720;
				ORGANIZATIONNAME = dj;
				TargetAttributes = {
					22316D081CA2327B00E4D798 = {
						CreatedOnToolsVersion = 7.2;
					};
					22316D241CA2327B00E4D798 = {
						CreatedOnToolsVersion = 7.2;
						TestTargetID = 22316D081CA2327B00E4D798;
					};
					22316D2F1CA2327B00E4D798 = {
						CreatedOnToolsVersion = 7.2;
						TestTargetID = 22316D081CA2327B00E4D798;
					};
				};
			};
			buildConfigurationList = 22316D041CA2327B00E4D798 /* Build configuration list for PBXProject "毛玻璃test" */;
			compatibilityVersion = "Xcode 3.2";
			developmentRegion = English;
			hasScannedForEncodings = 0;
			knownRegions = (
				en,
				Base,
			);
			mainGroup = 22316D001CA2327B00E4D798;
			productRefGroup = 22316D0A1CA2327B00E4D798 /* Products */;
			projectDirPath = "";
			projectRoot = "";
			targets = (
				22316D081CA2327B00E4D798 /* 毛玻璃test */,
				22316D241CA2327B00E4D798 /* 毛玻璃testTests */,
				22316D2F1CA2327B00E4D798 /* 毛玻璃testUITests */,
			);
		};
/* End PBXProject section */

/* Begin PBXResourcesBuildPhase section */
		22316D071CA2327B00E4D798 /* Resources */ = {
			isa = PBXResourcesBuildPhase;
			buildActionMask = 2147483647;
			files = (
				22316D1F1CA2327B00E4D798 /* LaunchScreen.storyboard in Resources */,
				22316D1C1CA2327B00E4D798 /* Assets.xcassets in Resources */,
				22316D171CA2327B00E4D798 /* Main.storyboard in Resources */,
			);
			runOnlyForDeploymentPostprocessing = 0;
		};
		22316D231CA2327B00E4D798 /* Resources */ = {
			isa = PBXResourcesBuildPhase;
			buildActionMask = 2147483647;
			files = (
			);
			runOnlyForDeploymentPostprocessing = 0;
		};
		22316D2E1CA2327B00E4D798 /* Resources */ = {
			isa = PBXResourcesBuildPhase;
			buildActionMask = 2147483647;
			files = (
			);
			runOnlyForDeploymentPostprocessing = 0;
		};
/* End PBXResourcesBuildPhase section */

/* Begin PBXSourcesBuildPhase section */
		22316D051CA2327B00E4D798 /* Sources */ = {
			isa = PBXSourcesBuildPhase;
			buildActionMask = 2147483647;
			files = (
				22316D141CA2327B00E4D798 /* ViewController.m in Sources */,
				22316D1A1CA2327B00E4D798 /* ___test.xcdatamodeld in Sources */,
				22316D111CA2327B00E4D798 /* AppDelegate.m in Sources */,
				22316D0E1CA2327B00E4D798 /* main.m in Sources */,
			);
			runOnlyForDeploymentPostprocessing = 0;
		};
		22316D211CA2327B00E4D798 /* Sources */ = {
			isa = PBXSourcesBuildPhase;
			buildActionMask = 2147483647;
			files = (
				22316D2A1CA2327B00E4D798 /* ___testTests.m in Sources */,
			);
			runOnlyForDeploymentPostprocessing = 0;
		};
		22316D2C1CA2327B00E4D798 /* Sources */ = {
			isa = PBXSourcesBuildPhase;
			buildActionMask = 2147483647;
			files = (
				22316D351CA2327B00E4D798 /* ___testUITests.m in Sources */,
			);
			runOnlyForDeploymentPostprocessing = 0;
		};
/* End PBXSourcesBuildPhase section */

/* Begin PBXTargetDependency section */
		22316D271CA2327B00E4D798 /* PBXTargetDependency */ = {
			isa = PBXTargetDependency;
			target = 22316D081CA2327B00E4D798 /* 毛玻璃test */;
			targetProxy = 22316D261CA2327B00E4D798 /* PBXContainerItemProxy */;
		};
		22316D321CA2327B00E4D798 /* PBXTargetDependency */ = {
			isa = PBXTargetDependency;
			target = 22316D081CA2327B00E4D798 /* 毛玻璃test */;
			targetProxy = 22316D311CA2327B00E4D798 /* PBXContainerItemProxy */;
		};
/* End PBXTargetDependency section */

/* Begin PBXVariantGroup section */
		22316D151CA2327B00E4D798 /* Main.storyboard */ = {
			isa = PBXVariantGroup;
			children = (
				22316D161CA2327B00E4D798 /* Base */,
			);
			name = Main.storyboard;
			sourceTree = "<group>";
		};
		22316D1D1CA2327B00E4D798 /* LaunchScreen.storyboard */ = {
			isa = PBXVariantGroup;
			children = (
				22316D1E1CA2327B00E4D798 /* Base */,
			);
			name = LaunchScreen.storyboard;
			sourceTree = "<group>";
		};
/* End PBXVariantGroup section */

/* Begin XCBuildConfiguration section */
		22316D371CA2327C00E4D798 /* Debug */ = {
			isa = XCBuildConfiguration;
			buildSettings = {
				ALWAYS_SEARCH_USER_PATHS = NO;
				CLANG_CXX_LANGUAGE_STANDARD = "gnu++0x";
				CLANG_CXX_LIBRARY = "libc++";
				CLANG_ENABLE_MODULES = YES;
				CLANG_ENABLE_OBJC_ARC = YES;
				CLANG_WARN_BOOL_CONVERSION = YES;
				CLANG_WARN_CONSTANT_CONVERSION = YES;
				CLANG_WARN_DIRECT_OBJC_ISA_USAGE = YES_ERROR;
				CLANG_WARN_EMPTY_BODY = YES;
				CLANG_WARN_ENUM_CONVERSION = YES;
				CLANG_WARN_INT_CONVERSION = YES;
				CLANG_WARN_OBJC_ROOT_CLASS = YES_ERROR;
				CLANG_WARN_UNREACHABLE_CODE = YES;
				CLANG_WARN__DUPLICATE_METHOD_MATCH = YES;
				"CODE_SIGN_IDENTITY[sdk=iphoneos*]" = "iPhone Developer";
				COPY_PHASE_STRIP = NO;
				DEBUG_INFORMATION_FORMAT = dwarf;
				ENABLE_STRICT_OBJC_MSGSEND = YES;
				ENABLE_TESTABILITY = YES;
				GCC_C_LANGUAGE_STANDARD = gnu99;
				GCC_DYNAMIC_NO_PIC = NO;
				GCC_NO_COMMON_BLOCKS = YES;
				GCC_OPTIMIZATION_LEVEL = 0;
				GCC_PREPROCESSOR_DEFINITIONS = (
					"DEBUG=1",
					"$(inherited)",
				);
				GCC_WARN_64_TO_32_BIT_CONVERSION = YES;
				GCC_WARN_ABOUT_RETURN_TYPE = YES_ERROR;
				GCC_WARN_UNDECLARED_SELECTOR = YES;
				GCC_WARN_UNINITIALIZED_AUTOS = YES_AGGRESSIVE;
				GCC_WARN_UNUSED_FUNCTION = YES;
				GCC_WARN_UNUSED_VARIABLE = YES;
				IPHONEOS_DEPLOYMENT_TARGET = 9.2;
				MTL_ENABLE_DEBUG_INFO = YES;
				ONLY_ACTIVE_ARCH = YES;
				SDKROOT = iphoneos;
				TARGETED_DEVICE_FAMILY = "1,2";
			};
			name = Debug;
		};
		22316D381CA2327C00E4D798 /* Release */ = {
			isa = XCBuildConfiguration;
			buildSettings = {
				ALWAYS_SEARCH_USER_PATHS = NO;
				CLANG_CXX_LANGUAGE_STANDARD = "gnu++0x";
				CLANG_CXX_LIBRARY = "libc++";
				CLANG_ENABLE_MODULES = YES;
				CLANG_ENABLE_OBJC_ARC = YES;
				CLANG_WARN_BOOL_CONVERSION = YES;
				CLANG_WARN_CONSTANT_CONVERSION = YES;
				CLANG_WARN_DIRECT_OBJC_ISA_USAGE = YES_ERROR;
				CLANG_WARN_EMPTY_BODY = YES;
				CLANG_WARN_ENUM_CONVERSION = YES;
				CLANG_WARN_INT_CONVERSION = YES;
				CLANG_WARN_OBJC_ROOT_CLASS = YES_ERROR;
				CLANG_WARN_UNREACHABLE_CODE = YES;
				CLANG_WARN__DUPLICATE_METHOD_MATCH = YES;
				"CODE_SIGN_IDENTITY[sdk=iphoneos*]" = "iPhone Developer";
				COPY_PHASE_STRIP = NO;
				DEBUG_INFORMATION_FORMAT = "dwarf-with-dsym";
				ENABLE_NS_ASSERTIONS = NO;
				ENABLE_STRICT_OBJC_MSGSEND = YES;
				GCC_C_LANGUAGE_STANDARD = gnu99;
				GCC_NO_COMMON_BLOCKS = YES;
				GCC_WARN_64_TO_32_BIT_CONVERSION = YES;
				GCC_WARN_ABOUT_RETURN_TYPE = YES_ERROR;
				GCC_WARN_UNDECLARED_SELECTOR = YES;
				GCC_WARN_UNINITIALIZED_AUTOS = YES_AGGRESSIVE;
				GCC_WARN_UNUSED_FUNCTION = YES;
				GCC_WARN_UNUSED_VARIABLE = YES;
				IPHONEOS_DEPLOYMENT_TARGET = 9.2;
				MTL_ENABLE_DEBUG_INFO = NO;
				SDKROOT = iphoneos;
				TARGETED_DEVICE_FAMILY = "1,2";
				VALIDATE_PRODUCT = YES;
			};
			name = Release;
		};
		22316D3A1CA2327C00E4D798 /* Debug */ = {
			isa = XCBuildConfiguration;
			buildSettings = {
				ASSETCATALOG_COMPILER_APPICON_NAME = AppIcon;
				INFOPLIST_FILE = "毛玻璃test/Info.plist";
				LD_RUNPATH_SEARCH_PATHS = "$(inherited) @executable_path/Frameworks";
				PRODUCT_BUNDLE_IDENTIFIER = "xiaozai.---test";
				PRODUCT_NAME = "$(TARGET_NAME)";
			};
			name = Debug;
		};
		22316D3B1CA2327C00E4D798 /* Release */ = {
			isa = XCBuildConfiguration;
			buildSettings = {
				ASSETCATALOG_COMPILER_APPICON_NAME = AppIcon;
				INFOPLIST_FILE = "毛玻璃test/Info.plist";
				LD_RUNPATH_SEARCH_PATHS = "$(inherited) @executable_path/Frameworks";
				PRODUCT_BUNDLE_IDENTIFIER = "xiaozai.---test";
				PRODUCT_NAME = "$(TARGET_NAME)";
			};
			name = Release;
		};
		22316D3D1CA2327C00E4D798 /* Debug */ = {
			isa = XCBuildConfiguration;
			buildSettings = {
				BUNDLE_LOADER = "$(TEST_HOST)";
				INFOPLIST_FILE = "毛玻璃testTests/Info.plist";
				LD_RUNPATH_SEARCH_PATHS = "$(inherited) @executable_path/Frameworks @loader_path/Frameworks";
				PRODUCT_BUNDLE_IDENTIFIER = "xiaozai.---testTests";
				PRODUCT_NAME = "$(TARGET_NAME)";
				TEST_HOST = "$(BUILT_PRODUCTS_DIR)/毛玻璃test.app/毛玻璃test";
			};
			name = Debug;
		};
		22316D3E1CA2327C00E4D798 /* Release */ = {
			isa = XCBuildConfiguration;
			buildSettings = {
				BUNDLE_LOADER = "$(TEST_HOST)";
				INFOPLIST_FILE = "毛玻璃testTests/Info.plist";
				LD_RUNPATH_SEARCH_PATHS = "$(inherited) @executable_path/Frameworks @loader_path/Frameworks";
				PRODUCT_BUNDLE_IDENTIFIER = "xiaozai.---testTests";
				PRODUCT_NAME = "$(TARGET_NAME)";
				TEST_HOST = "$(BUILT_PRODUCTS_DIR)/毛玻璃test.app/毛玻璃test";
			};
			name = Release;
		};
		22316D401CA2327C00E4D798 /* Debug */ = {
			isa = XCBuildConfiguration;
			buildSettings = {
				INFOPLIST_FILE = "毛玻璃testUITests/Info.plist";
				LD_RUNPATH_SEARCH_PATHS = "$(inherited) @executable_path/Frameworks @loader_path/Frameworks";
				PRODUCT_BUNDLE_IDENTIFIER = "xiaozai.---testUITests";
				PRODUCT_NAME = "$(TARGET_NAME)";
				TEST_TARGET_NAME = "毛玻璃test";
				USES_XCTRUNNER = YES;
			};
			name = Debug;
		};
		22316D411CA2327C00E4D798 /* Release */ = {
			isa = XCBuildConfiguration;
			buildSettings = {
				INFOPLIST_FILE = "毛玻璃testUITests/Info.plist";
				LD_RUNPATH_SEARCH_PATHS = "$(inherited) @executable_path/Frameworks @loader_path/Frameworks";
				PRODUCT_BUNDLE_IDENTIFIER = "xiaozai.---testUITests";
				PRODUCT_NAME = "$(TARGET_NAME)";
				TEST_TARGET_NAME = "毛玻璃test";
				USES_XCTRUNNER = YES;
			};
			name = Release;
		};
/* End XCBuildConfiguration section */

/* Begin XCConfigurationList section */
		22316D041CA2327B00E4D798 /* Build configuration list for PBXProject "毛玻璃test" */ = {
			isa = XCConfigurationList;
			buildConfigurations = (
				22316D371CA2327C00E4D798 /* Debug */,
				22316D381CA2327C00E4D798 /* Release */,
			);
			defaultConfigurationIsVisible = 0;
			defaultConfigurationName = Release;
		};
		22316D391CA2327C00E4D798 /* Build configuration list for PBXNativeTarget "毛玻璃test" */ = {
			isa = XCConfigurationList;
			buildConfigurations = (
				22316D3A1CA2327C00E4D798 /* Debug */,
				22316D3B1CA2327C00E4D798 /* Release */,
			);
			defaultConfigurationIsVisible = 0;
		};
		22316D3C1CA2327C00E4D798 /* Build configuration list for PBXNativeTarget "毛玻璃testTests" */ = {
			isa = XCConfigurationList;
			buildConfigurations = (
				22316D3D1CA2327C00E4D798 /* Debug */,
				22316D3E1CA2327C00E4D798 /* Release */,
			);
			defaultConfigurationIsVisible = 0;
		};
		22316D3F1CA2327C00E4D798 /* Build configuration list for PBXNativeTarget "毛玻璃testUITests" */ = {
			isa = XCConfigurationList;
			buildConfigurations = (
				22316D401CA2327C00E4D798 /* Debug */,
				22316D411CA2327C00E4D798 /* Release */,
			);
			defaultConfigurationIsVisible = 0;
		};
/* End XCConfigurationList section */

/* Begin XCVersionGroup section */
		22316D181CA2327B00E4D798 /* ___test.xcdatamodeld */ = {
			isa = XCVersionGroup;
			children = (
				22316D191CA2327B00E4D798 /* ___test.xcdatamodel */,
			);
			currentVersion = 22316D191CA2327B00E4D798 /* ___test.xcdatamodel */;
			path = "___test.xcdatamodeld";
			sourceTree = "<group>";
			versionGroupType = wrapper.xcdatamodel;
		};
/* End XCVersionGroup section */
	};
	rootObject = 22316D011CA2327B00E4D798 /* Project object */;
}
